<?xml version="1.0" encoding="utf-8"?>
<Project ToolsVersion="4.0" xmlns="http://schemas.microsoft.com/developer/msbuild/2003">
  <ItemGroup>
    <Filter Include="Resource files">
      <UniqueIdentifier>{98490ccf-9e0a-425e-aae3-0b794e4f3ad5}</UniqueIdentifier>
      <Extensions>rc;ico;cur;bmp;dlg;rc2;rct;bin;rgs;gif;jpg;jpeg;jpe;resx;tiff;tif;png;wav</Extensions>
    </Filter>
    <Filter Include="Java Source Files">
      <UniqueIdentifier>{011d91a4-16df-450a-a11b-9f201cf712d1}</UniqueIdentifier>
      <Extensions>*.java</Extensions>
    </Filter>
    <Filter Include="Java Source Files\org">
      <UniqueIdentifier>{277b167c-5960-42e1-b335-bfca6174c6a8}</UniqueIdentifier>
    </Filter>
    <Filter Include="Java Source Files\org\cocos2dx">
      <UniqueIdentifier>{ae70a1bb-7254-4b45-89dc-14c166ca15a6}</UniqueIdentifier>
    </Filter>
    <Filter Include="Java Source Files\org\cocos2dx\cpp">
      <UniqueIdentifier>{1f4cf956-108f-4a00-b426-ec5105832b8c}</UniqueIdentifier>
    </Filter>
    <Filter Include="main">
      <UniqueIdentifier>{31a6a8fb-238b-4068-9a21-0a8966c15912}</UniqueIdentifier>
    </Filter>
    <Filter Include="app">
      <UniqueIdentifier>{d924aeb5-c870-4d20-a0c3-4d217dd60b5c}</UniqueIdentifier>
    </Filter>
    <Filter Include="scene">
      <UniqueIdentifier>{3ff5f88e-1459-4424-ac06-2fdd081b172e}</UniqueIdentifier>
    </Filter>
    <Filter Include="scenemgr">
      <UniqueIdentifier>{0ec3afd2-1282-4727-8dd4-745d497e6ef1}</UniqueIdentifier>
    </Filter>
  </ItemGroup>
  <ItemGroup>
    <Xml Include="..\..\AndroidManifest.xml" />
  </ItemGroup>
  <ItemGroup>
    <None Include="..\..\jni\Android.mk" />
    <None Include="..\..\jni\Application.mk" />
    <None Include="..\..\src\org\cocos2dx\cpp\AppActivity.java">
      <Filter>Java Source Files\org\cocos2dx\cpp</Filter>
    </None>
  </ItemGroup>
</Project>